
Microsoft Visual Studio Solution File, Format Version 12.00
# Visual Studio Version 17
VisualStudioVersion = 17.14.36202.13 d17.14
MinimumVisualStudioVersion = 10.0.40219.1
Project("{FAE04EC0-301F-11D3-BF4B-00C04F79EFBC}") = "WeekNumberLite2Plus", "WeekNumberLite2Plus.csproj", "{C08406AE-0D4D-4468-8F95-7F3B85DABB69}"
EndProject
Global
	GlobalSection(SolutionConfigurationPlatforms) = preSolution
		Debug|Any CPU = Debug|Any CPU
		Release|Any CPU = Release|Any CPU
	EndGlobalSection
	GlobalSection(ProjectConfigurationPlatforms) = postSolution
		{C08406AE-0D4D-4468-8F95-7F3B85DABB69}.Debug|Any CPU.ActiveCfg = Debug|Any CPU
		{C08406AE-0D4D-4468-8F95-7F3B85DABB69}.Debug|Any CPU.Build.0 = Debug|Any CPU
		{C08406AE-0D4D-4468-8F95-7F3B85DABB69}.Release|Any CPU.ActiveCfg = Release|Any CPU
		{C08406AE-0D4D-4468-8F95-7F3B85DABB69}.Release|Any CPU.Build.0 = Release|Any CPU
	EndGlobalSection
	GlobalSection(SolutionProperties) = preSolution
		HideSolutionNode = FALSE
	EndGlobalSection
	GlobalSection(ExtensibilityGlobals) = postSolution
		SolutionGuid = {FDB17F5B-2031-49C6-B4C7-12551C37E4AE}
	EndGlobalSection
EndGlobal
